
Microsoft Visual Studio Solution File, Format Version 12.00
Project("{FAE04EC0-301F-11D3-BF4B-00C04F79EFBC}") = "src\Timeline.Maui", "src\Timeline.Maui\Timeline.Maui.csproj", "{1900FC1D-5E41-4DF4-AE3D-A2BBE4FA0E74}"
EndProject
Project("{2150E333-8FDC-42A3-9474-1A3956D46DE8}") = "src", "src", "{57A53CBB-3380-4707-9824-63BD70789804}"
EndProject
Project("{2150E333-8FDC-42A3-9474-1A3956D46DE8}") = "test", "test", "{D2489F17-DA33-4547-8394-F141101BE8AC}"
EndProject
Project("{2150E333-8FDC-42A3-9474-1A3956D46DE8}") = "samples", "samples", "{2080C5A0-C313-4CDD-8847-68F302AAF40E}"
EndProject
Project("{FAE04EC0-301F-11D3-BF4B-00C04F79EFBC}") = "samples\Timeline.Maui.Samples.Main", "samples\Timeline.Maui.Samples.Main\Timeline.Maui.Samples.Main.csproj", "{E71002D0-C899-47F7-A1EC-A145BE4EE4F4}"
EndProject
Global
	GlobalSection(SolutionConfigurationPlatforms) = preSolution
		Debug|Any CPU = Debug|Any CPU
		Release|Any CPU = Release|Any CPU
	EndGlobalSection
	GlobalSection(ProjectConfigurationPlatforms) = postSolution
		{1900FC1D-5E41-4DF4-AE3D-A2BBE4FA0E74}.Debug|Any CPU.ActiveCfg = Debug|Any CPU
		{1900FC1D-5E41-4DF4-AE3D-A2BBE4FA0E74}.Debug|Any CPU.Build.0 = Debug|Any CPU
		{1900FC1D-5E41-4DF4-AE3D-A2BBE4FA0E74}.Release|Any CPU.ActiveCfg = Release|Any CPU
		{1900FC1D-5E41-4DF4-AE3D-A2BBE4FA0E74}.Release|Any CPU.Build.0 = Release|Any CPU
		{E71002D0-C899-47F7-A1EC-A145BE4EE4F4}.Debug|Any CPU.ActiveCfg = Debug|Any CPU
		{E71002D0-C899-47F7-A1EC-A145BE4EE4F4}.Debug|Any CPU.Build.0 = Debug|Any CPU
		{E71002D0-C899-47F7-A1EC-A145BE4EE4F4}.Release|Any CPU.ActiveCfg = Release|Any CPU
		{E71002D0-C899-47F7-A1EC-A145BE4EE4F4}.Release|Any CPU.Build.0 = Release|Any CPU
	EndGlobalSection
	GlobalSection(NestedProjects) = preSolution
		{1900FC1D-5E41-4DF4-AE3D-A2BBE4FA0E74} = {57A53CBB-3380-4707-9824-63BD70789804}
		{E71002D0-C899-47F7-A1EC-A145BE4EE4F4} = {2080C5A0-C313-4CDD-8847-68F302AAF40E}
	EndGlobalSection
EndGlobal
